
Microsoft Visual Studio Solution File, Format Version 12.00
# Visual Studio Version 17
VisualStudioVersion = 17.14.36429.23 d17.14
MinimumVisualStudioVersion = 10.0.40219.1
Project("{FAE04EC0-301F-11D3-BF4B-00C04F79EFBC}") = "Group1_VHVL_K64", "Group1_VHVL_K64.csproj", "{86547F6A-4347-46B8-88D3-F767BC541BCD}"
EndProject
Global
	GlobalSection(SolutionConfigurationPlatforms) = preSolution
		Debug|Any CPU = Debug|Any CPU
		Release|Any CPU = Release|Any CPU
	EndGlobalSection
	GlobalSection(ProjectConfigurationPlatforms) = postSolution
		{86547F6A-4347-46B8-88D3-F767BC541BCD}.Debug|Any CPU.ActiveCfg = Debug|Any CPU
		{86547F6A-4347-46B8-88D3-F767BC541BCD}.Debug|Any CPU.Build.0 = Debug|Any CPU
		{86547F6A-4347-46B8-88D3-F767BC541BCD}.Release|Any CPU.ActiveCfg = Release|Any CPU
		{86547F6A-4347-46B8-88D3-F767BC541BCD}.Release|Any CPU.Build.0 = Release|Any CPU
	EndGlobalSection
	GlobalSection(SolutionProperties) = preSolution
		HideSolutionNode = FALSE
	EndGlobalSection
	GlobalSection(ExtensibilityGlobals) = postSolution
		SolutionGuid = {FBDFA433-A64A-4D45-BB3A-C0B6909C10BC}
	EndGlobalSection
EndGlobal
